
Microsoft Visual Studio Solution File, Format Version 12.00
# Visual Studio Version 17
VisualStudioVersion = 17.4.33103.184
MinimumVisualStudioVersion = 10.0.40219.1
Project("{FAE04EC0-301F-11D3-BF4B-00C04F79EFBC}") = "PhlegmaticOne.PagedLists", "PhlegmaticOne.PagedLists\PhlegmaticOne.PagedLists.csproj", "{0B745B27-D21C-4856-ADBC-526D3BBA1B8C}"
EndProject
Global
	GlobalSection(SolutionConfigurationPlatforms) = preSolution
		Debug|Any CPU = Debug|Any CPU
		Release|Any CPU = Release|Any CPU
	EndGlobalSection
	GlobalSection(ProjectConfigurationPlatforms) = postSolution
		{0B745B27-D21C-4856-ADBC-526D3BBA1B8C}.Debug|Any CPU.ActiveCfg = Debug|Any CPU
		{0B745B27-D21C-4856-ADBC-526D3BBA1B8C}.Debug|Any CPU.Build.0 = Debug|Any CPU
		{0B745B27-D21C-4856-ADBC-526D3BBA1B8C}.Release|Any CPU.ActiveCfg = Release|Any CPU
		{0B745B27-D21C-4856-ADBC-526D3BBA1B8C}.Release|Any CPU.Build.0 = Release|Any CPU
	EndGlobalSection
	GlobalSection(SolutionProperties) = preSolution
		HideSolutionNode = FALSE
	EndGlobalSection
	GlobalSection(ExtensibilityGlobals) = postSolution
		SolutionGuid = {838664BF-77DB-48CB-A8F5-91A5F71E637B}
	EndGlobalSection
EndGlobal
